Microsoft Visual Studio Solution File, Format Version 12.00
# Visual Studio Version 17
VisualStudioVersion = 17.5.2.0
MinimumVisualStudioVersion = 10.0.40219.1
Project("{FAE04EC0-301F-11D3-BF4B-00C04F79EFBC}") = "RestaurantManagement", "RestaurantManagement\RestaurantManagement.csproj", "{D94AD387-367B-6160-E769-7AFE3C280134}"
EndProject
Global
	GlobalSection(SolutionConfigurationPlatforms) = preSolution
		Debug|Any CPU = Debug|Any CPU
		Release|Any CPU = Release|Any CPU
	EndGlobalSection
	GlobalSection(ProjectConfigurationPlatforms) = postSolution
		{D94AD387-367B-6160-E769-7AFE3C280134}.Debug|Any CPU.ActiveCfg = Debug|Any CPU
		{D94AD387-367B-6160-E769-7AFE3C280134}.Debug|Any CPU.Build.0 = Debug|Any CPU
		{D94AD387-367B-6160-E769-7AFE3C280134}.Release|Any CPU.ActiveCfg = Release|Any CPU
		{D94AD387-367B-6160-E769-7AFE3C280134}.Release|Any CPU.Build.0 = Release|Any CPU
	EndGlobalSection
	GlobalSection(SolutionProperties) = preSolution
		HideSolutionNode = FALSE
	EndGlobalSection
	GlobalSection(ExtensibilityGlobals) = postSolution
		SolutionGuid = {A057C70C-D0E6-49FA-9A0A-595606B23D1C}
	EndGlobalSection
EndGlobal
